
Microsoft Visual Studio Solution File, Format Version 11.00
# Visual Studio 2010
Project("{8BC9CEB8-8B4A-11D0-8D11-00A0C91BC942}") = "RK2", "RK2\RK2.vcxproj", "{5720E29D-3122-47C4-AB06-7FAD82C67EFB}"
EndProject
Global
	GlobalSection(SolutionConfigurationPlatforms) = preSolution
		Debug|Win32 = Debug|Win32
		Release|Win32 = Release|Win32
	EndGlobalSection
	GlobalSection(ProjectConfigurationPlatforms) = postSolution
		{5720E29D-3122-47C4-AB06-7FAD82C67EFB}.Debug|Win32.ActiveCfg = Debug|Win32
		{5720E29D-3122-47C4-AB06-7FAD82C67EFB}.Debug|Win32.Build.0 = Debug|Win32
		{5720E29D-3122-47C4-AB06-7FAD82C67EFB}.Release|Win32.ActiveCfg = Release|Win32
		{5720E29D-3122-47C4-AB06-7FAD82C67EFB}.Release|Win32.Build.0 = Release|Win32
	EndGlobalSection
	GlobalSection(SolutionProperties) = preSolution
		HideSolutionNode = FALSE
	EndGlobalSection
EndGlobal
